{
  "requires": true,
  "lockfileVersion": 1,
  "dependencies": {
    "sweetalert2": {
      "version": "11.0.14",
      "resolved": "https://registry.npmjs.org/sweetalert2/-/sweetalert2-11.0.14.tgz",
      "integrity": "sha512-IfcJQ7V9yU4THcAP6Twnsek5ZOAmxVXjrG1irfuNbomt4xsPuXYn7Vl2i/Agfag+DwlpbgNAgQYMa7GNE7qhRw=="
    },
    "typescript": {
      "version": "4.2.4",
      "resolved": "https://registry.npmjs.org/typescript/-/typescript-4.2.4.tgz",
      "integrity": "sha512-V+evlYHZnQkaz8TRBuxTA92yZBPotr5H+WhQ7bD3hZUndx5tGOa1fuCgeSjxAzM1RiN5IzvadIXTVefuuwZCRg=="
    }
  }
}
